# This file is automatically @generated by Cargo.
# It is not intended for manual editing.
version = 4

[[package]]
name = "graftvm"
version = "0.1.0"
dependencies = [
 "graftvm_data",
 "graftvm_engine",
 "graftvm_error",
 "graftvm_fragment",
 "graftvm_window",
]

[[package]]
name = "graftvm_data"
version = "0.1.0"

[[package]]
name = "graftvm_engine"
version = "0.1.0"
dependencies = [
 "graftvm_data",
 "graftvm_error",
 "graftvm_fragment",
 "graftvm_window",
]

[[package]]
name = "graftvm_error"
version = "0.1.0"

[[package]]
name = "graftvm_fragment"
version = "0.1.0"
dependencies = [
 "graftvm_data",
]

[[package]]
name = "graftvm_window"
version = "0.1.0"
dependencies = [
 "graftvm_fragment",
]
