# This file is automatically @generated by Cargo.
# It is not intended for manual editing.
version = 4

[[package]]
name = "graftvm"
version = "0.1.0"

[[package]]
name = "graftvm_bytecode"
version = "0.1.0"
dependencies = [
 "graftvm_liternal",
]

[[package]]
name = "graftvm_engine"
version = "0.1.0"
dependencies = [
 "graftvm_bytecode",
 "graftvm_liternal",
 "graftvm_window",
]

[[package]]
name = "graftvm_liternal"
version = "0.1.0"

[[package]]
name = "graftvm_window"
version = "0.1.0"
dependencies = [
 "graftvm_liternal",
]
